{
  "name": "avin",
  "lockfileVersion": 2,
  "requires": true,
  "packages": {
    "": {
      "dependencies": {
        "pjax": "^0.2.8",
        "ponconjs": "^1.1.6"
      }
    },
    "node_modules/pjax": {
      "version": "0.2.8",
      "resolved": "https://registry.npmjs.org/pjax/-/pjax-0.2.8.tgz",
      "integrity": "sha512-IeVXXIZJzxVDYzV2Td5MZkWJcny8JRCz2dQ1xxhIUbIFgP+08ymV7WXVtbF8NlUd2MZKH1cNvhuTOd2QAOGcOg=="
    },
    "node_modules/ponconjs": {
      "version": "1.1.6",
      "resolved": "https://registry.npmjs.org/ponconjs/-/ponconjs-1.1.6.tgz",
      "integrity": "sha512-6uDDExpMA8TGprT/qNCXLiabvGgZkwu9NZigvsAeYRrsVQgjpsLBAx2HG/MNmiIzbIR2iy+fUPfJSbEfjb5iNA=="
    }
  },
  "dependencies": {
    "pjax": {
      "version": "0.2.8",
      "resolved": "https://registry.npmjs.org/pjax/-/pjax-0.2.8.tgz",
      "integrity": "sha512-IeVXXIZJzxVDYzV2Td5MZkWJcny8JRCz2dQ1xxhIUbIFgP+08ymV7WXVtbF8NlUd2MZKH1cNvhuTOd2QAOGcOg=="
    },
    "ponconjs": {
      "version": "1.1.6",
      "resolved": "https://registry.npmjs.org/ponconjs/-/ponconjs-1.1.6.tgz",
      "integrity": "sha512-6uDDExpMA8TGprT/qNCXLiabvGgZkwu9NZigvsAeYRrsVQgjpsLBAx2HG/MNmiIzbIR2iy+fUPfJSbEfjb5iNA=="
    }
  }
}
