{
  "name": "avin",
  "lockfileVersion": 2,
  "requires": true,
  "packages": {
    "": {
      "dependencies": {
        "@types/node": "^18.14.6",
        "bootstrap": "^5.2.3",
        "clipboard": "^2.0.11",
        "hls.js": "^1.3.4",
        "ponconjs": "^1.1.9",
        "querystring": "^0.2.1"
      },
      "devDependencies": {
        "@types/bootstrap": "^5.2.6",
        "@types/hls.js": "^1.0.0"
      }
    },
    "node_modules/@popperjs/core": {
      "version": "2.11.6",
      "resolved": "https://registry.npmjs.org/@popperjs/core/-/core-2.11.6.tgz",
      "integrity": "sha512-50/17A98tWUfQ176raKiOGXuYpLyyVMkxxG6oylzL3BPOlA6ADGdK7EYunSa4I064xerltq9TGXs8HmOk5E+vw==",
      "funding": {
        "type": "opencollective",
        "url": "https://opencollective.com/popperjs"
      }
    },
    "node_modules/@types/bootstrap": {
      "version": "5.2.6",
      "resolved": "https://registry.npmjs.org/@types/bootstrap/-/bootstrap-5.2.6.tgz",
      "integrity": "sha512-BlAc3YATdasbHoxMoBWODrSF6qwQO/E9X8wVxCCSa6rWjnaZfpkr2N6pUMCY6jj2+wf0muUtLySbvU9etX6YqA==",
      "dev": true,
      "dependencies": {
        "@popperjs/core": "^2.9.2"
      }
    },
    "node_modules/@types/hls.js": {
      "version": "1.0.0",
      "resolved": "https://registry.npmjs.org/@types/hls.js/-/hls.js-1.0.0.tgz",
      "integrity": "sha512-EGY2QJefX+Z9XH4PAxI7RFoNqBlQEk16UpYR3kbr82CIgMX5SlMe0PjFdFV0JytRhyVPQCiwSyONuI6S1KdSag==",
      "deprecated": "This is a stub types definition. hls.js provides its own type definitions, so you do not need this installed.",
      "dev": true,
      "dependencies": {
        "hls.js": "*"
      }
    },
    "node_modules/@types/node": {
      "version": "18.14.6",
      "resolved": "https://registry.npmjs.org/@types/node/-/node-18.14.6.tgz",
      "integrity": "sha512-93+VvleD3mXwlLI/xASjw0FzKcwzl3OdTCzm1LaRfqgS21gfFtK3zDXM5Op9TeeMsJVOaJ2VRDpT9q4Y3d0AvA=="
    },
    "node_modules/bootstrap": {
      "version": "5.2.3",
      "resolved": "https://registry.npmjs.org/bootstrap/-/bootstrap-5.2.3.tgz",
      "integrity": "sha512-cEKPM+fwb3cT8NzQZYEu4HilJ3anCrWqh3CHAok1p9jXqMPsPTBhU25fBckEJHJ/p+tTxTFTsFQGM+gaHpi3QQ==",
      "funding": [
        {
          "type": "github",
          "url": "https://github.com/sponsors/twbs"
        },
        {
          "type": "opencollective",
          "url": "https://opencollective.com/bootstrap"
        }
      ],
      "peerDependencies": {
        "@popperjs/core": "^2.11.6"
      }
    },
    "node_modules/clipboard": {
      "version": "2.0.11",
      "resolved": "https://registry.npmjs.org/clipboard/-/clipboard-2.0.11.tgz",
      "integrity": "sha512-C+0bbOqkezLIsmWSvlsXS0Q0bmkugu7jcfMIACB+RDEntIzQIkdr148we28AfSloQLRdZlYL/QYyrq05j/3Faw==",
      "dependencies": {
        "good-listener": "^1.2.2",
        "select": "^1.1.2",
        "tiny-emitter": "^2.0.0"
      }
    },
    "node_modules/delegate": {
      "version": "3.2.0",
      "resolved": "https://registry.npmjs.org/delegate/-/delegate-3.2.0.tgz",
      "integrity": "sha512-IofjkYBZaZivn0V8nnsMJGBr4jVLxHDheKSW88PyxS5QC4Vo9ZbZVvhzlSxY87fVq3STR6r+4cGepyHkcWOQSw=="
    },
    "node_modules/good-listener": {
      "version": "1.2.2",
      "resolved": "https://registry.npmjs.org/good-listener/-/good-listener-1.2.2.tgz",
      "integrity": "sha512-goW1b+d9q/HIwbVYZzZ6SsTr4IgE+WA44A0GmPIQstuOrgsFcT7VEJ48nmr9GaRtNu0XTKacFLGnBPAM6Afouw==",
      "dependencies": {
        "delegate": "^3.1.2"
      }
    },
    "node_modules/hls.js": {
      "version": "1.3.4",
      "resolved": "https://registry.npmjs.org/hls.js/-/hls.js-1.3.4.tgz",
      "integrity": "sha512-iFEwVqtEDk6sKotcTwtJ5OMo/nuDTk9PrpB8FI2J2WYf8EriTVfR4FaK0aNyYtwbYeRSWCXJKlz23xeREdlNYg=="
    },
    "node_modules/ponconjs": {
      "version": "1.1.9",
      "resolved": "https://registry.npmjs.org/ponconjs/-/ponconjs-1.1.9.tgz",
      "integrity": "sha512-5I7Gwvl+m5CMnk2a4qd2sKs4jYsIkAHDD83t8J14o/Bxc3drpEKlixwXRf3fuvNJFUfHsRog+Bvh9jzrMcqu7A=="
    },
    "node_modules/querystring": {
      "version": "0.2.1",
      "resolved": "https://registry.npmjs.org/querystring/-/querystring-0.2.1.tgz",
      "integrity": "sha512-wkvS7mL/JMugcup3/rMitHmd9ecIGd2lhFhK9N3UUQ450h66d1r3Y9nvXzQAW1Lq+wyx61k/1pfKS5KuKiyEbg==",
      "deprecated": "The querystring API is considered Legacy. new code should use the URLSearchParams API instead.",
      "engines": {
        "node": ">=0.4.x"
      }
    },
    "node_modules/select": {
      "version": "1.1.2",
      "resolved": "https://registry.npmjs.org/select/-/select-1.1.2.tgz",
      "integrity": "sha512-OwpTSOfy6xSs1+pwcNrv0RBMOzI39Lp3qQKUTPVVPRjCdNa5JH/oPRiqsesIskK8TVgmRiHwO4KXlV2Li9dANA=="
    },
    "node_modules/tiny-emitter": {
      "version": "2.1.0",
      "resolved": "https://registry.npmjs.org/tiny-emitter/-/tiny-emitter-2.1.0.tgz",
      "integrity": "sha512-NB6Dk1A9xgQPMoGqC5CVXn123gWyte215ONT5Pp5a0yt4nlEoO1ZWeCwpncaekPHXO60i47ihFnZPiRPjRMq4Q=="
    }
  },
  "dependencies": {
    "@popperjs/core": {
      "version": "2.11.6",
      "resolved": "https://registry.npmjs.org/@popperjs/core/-/core-2.11.6.tgz",
      "integrity": "sha512-50/17A98tWUfQ176raKiOGXuYpLyyVMkxxG6oylzL3BPOlA6ADGdK7EYunSa4I064xerltq9TGXs8HmOk5E+vw=="
    },
    "@types/bootstrap": {
      "version": "5.2.6",
      "resolved": "https://registry.npmjs.org/@types/bootstrap/-/bootstrap-5.2.6.tgz",
      "integrity": "sha512-BlAc3YATdasbHoxMoBWODrSF6qwQO/E9X8wVxCCSa6rWjnaZfpkr2N6pUMCY6jj2+wf0muUtLySbvU9etX6YqA==",
      "dev": true,
      "requires": {
        "@popperjs/core": "^2.9.2"
      }
    },
    "@types/hls.js": {
      "version": "1.0.0",
      "resolved": "https://registry.npmjs.org/@types/hls.js/-/hls.js-1.0.0.tgz",
      "integrity": "sha512-EGY2QJefX+Z9XH4PAxI7RFoNqBlQEk16UpYR3kbr82CIgMX5SlMe0PjFdFV0JytRhyVPQCiwSyONuI6S1KdSag==",
      "dev": true,
      "requires": {
        "hls.js": "*"
      }
    },
    "@types/node": {
      "version": "18.14.6",
      "resolved": "https://registry.npmjs.org/@types/node/-/node-18.14.6.tgz",
      "integrity": "sha512-93+VvleD3mXwlLI/xASjw0FzKcwzl3OdTCzm1LaRfqgS21gfFtK3zDXM5Op9TeeMsJVOaJ2VRDpT9q4Y3d0AvA=="
    },
    "bootstrap": {
      "version": "5.2.3",
      "resolved": "https://registry.npmjs.org/bootstrap/-/bootstrap-5.2.3.tgz",
      "integrity": "sha512-cEKPM+fwb3cT8NzQZYEu4HilJ3anCrWqh3CHAok1p9jXqMPsPTBhU25fBckEJHJ/p+tTxTFTsFQGM+gaHpi3QQ==",
      "requires": {}
    },
    "clipboard": {
      "version": "2.0.11",
      "resolved": "https://registry.npmjs.org/clipboard/-/clipboard-2.0.11.tgz",
      "integrity": "sha512-C+0bbOqkezLIsmWSvlsXS0Q0bmkugu7jcfMIACB+RDEntIzQIkdr148we28AfSloQLRdZlYL/QYyrq05j/3Faw==",
      "requires": {
        "good-listener": "^1.2.2",
        "select": "^1.1.2",
        "tiny-emitter": "^2.0.0"
      }
    },
    "delegate": {
      "version": "3.2.0",
      "resolved": "https://registry.npmjs.org/delegate/-/delegate-3.2.0.tgz",
      "integrity": "sha512-IofjkYBZaZivn0V8nnsMJGBr4jVLxHDheKSW88PyxS5QC4Vo9ZbZVvhzlSxY87fVq3STR6r+4cGepyHkcWOQSw=="
    },
    "good-listener": {
      "version": "1.2.2",
      "resolved": "https://registry.npmjs.org/good-listener/-/good-listener-1.2.2.tgz",
      "integrity": "sha512-goW1b+d9q/HIwbVYZzZ6SsTr4IgE+WA44A0GmPIQstuOrgsFcT7VEJ48nmr9GaRtNu0XTKacFLGnBPAM6Afouw==",
      "requires": {
        "delegate": "^3.1.2"
      }
    },
    "hls.js": {
      "version": "1.3.4",
      "resolved": "https://registry.npmjs.org/hls.js/-/hls.js-1.3.4.tgz",
      "integrity": "sha512-iFEwVqtEDk6sKotcTwtJ5OMo/nuDTk9PrpB8FI2J2WYf8EriTVfR4FaK0aNyYtwbYeRSWCXJKlz23xeREdlNYg=="
    },
    "ponconjs": {
      "version": "1.1.9",
      "resolved": "https://registry.npmjs.org/ponconjs/-/ponconjs-1.1.9.tgz",
      "integrity": "sha512-5I7Gwvl+m5CMnk2a4qd2sKs4jYsIkAHDD83t8J14o/Bxc3drpEKlixwXRf3fuvNJFUfHsRog+Bvh9jzrMcqu7A=="
    },
    "querystring": {
      "version": "0.2.1",
      "resolved": "https://registry.npmjs.org/querystring/-/querystring-0.2.1.tgz",
      "integrity": "sha512-wkvS7mL/JMugcup3/rMitHmd9ecIGd2lhFhK9N3UUQ450h66d1r3Y9nvXzQAW1Lq+wyx61k/1pfKS5KuKiyEbg=="
    },
    "select": {
      "version": "1.1.2",
      "resolved": "https://registry.npmjs.org/select/-/select-1.1.2.tgz",
      "integrity": "sha512-OwpTSOfy6xSs1+pwcNrv0RBMOzI39Lp3qQKUTPVVPRjCdNa5JH/oPRiqsesIskK8TVgmRiHwO4KXlV2Li9dANA=="
    },
    "tiny-emitter": {
      "version": "2.1.0",
      "resolved": "https://registry.npmjs.org/tiny-emitter/-/tiny-emitter-2.1.0.tgz",
      "integrity": "sha512-NB6Dk1A9xgQPMoGqC5CVXn123gWyte215ONT5Pp5a0yt4nlEoO1ZWeCwpncaekPHXO60i47ihFnZPiRPjRMq4Q=="
    }
  }
}
